
Microsoft Visual Studio Solution File, Format Version 12.00
# Visual Studio Version 16
VisualStudioVersion = 16.0.29911.84
MinimumVisualStudioVersion = 10.0.40219.1
Project("{FAE04EC0-301F-11D3-BF4B-00C04F79EFBC}") = "TryCatch Finally con ficheros", "TryCatch Finally con ficheros\TryCatch Finally con ficheros.csproj", "{412A5532-E0CC-4AC2-9B0E-FE607B90D8C0}"
EndProject
Global
	GlobalSection(SolutionConfigurationPlatforms) = preSolution
		Debug|Any CPU = Debug|Any CPU
		Release|Any CPU = Release|Any CPU
	EndGlobalSection
	GlobalSection(ProjectConfigurationPlatforms) = postSolution
		{412A5532-E0CC-4AC2-9B0E-FE607B90D8C0}.Debug|Any CPU.ActiveCfg = Debug|Any CPU
		{412A5532-E0CC-4AC2-9B0E-FE607B90D8C0}.Debug|Any CPU.Build.0 = Debug|Any CPU
		{412A5532-E0CC-4AC2-9B0E-FE607B90D8C0}.Release|Any CPU.ActiveCfg = Release|Any CPU
		{412A5532-E0CC-4AC2-9B0E-FE607B90D8C0}.Release|Any CPU.Build.0 = Release|Any CPU
	EndGlobalSection
	GlobalSection(SolutionProperties) = preSolution
		HideSolutionNode = FALSE
	EndGlobalSection
	GlobalSection(ExtensibilityGlobals) = postSolution
		SolutionGuid = {DD1B7D69-4303-4AB6-A91B-28CDF75109EE}
	EndGlobalSection
EndGlobal
