
Microsoft Visual Studio Solution File, Format Version 12.00
# Visual Studio Version 16
VisualStudioVersion = 16.0.29911.84
MinimumVisualStudioVersion = 10.0.40219.1
Project("{FAE04EC0-301F-11D3-BF4B-00C04F79EFBC}") = "ED_Final_T2_Kevin_Raak", "ED_Final_T2_Kevin_Raak\ED_Final_T2_Kevin_Raak.csproj", "{9C25344C-7A22-4F88-BA11-92D59C11C379}"
EndProject
Global
	GlobalSection(SolutionConfigurationPlatforms) = preSolution
		Debug|Any CPU = Debug|Any CPU
		Release|Any CPU = Release|Any CPU
	EndGlobalSection
	GlobalSection(ProjectConfigurationPlatforms) = postSolution
		{9C25344C-7A22-4F88-BA11-92D59C11C379}.Debug|Any CPU.ActiveCfg = Debug|Any CPU
		{9C25344C-7A22-4F88-BA11-92D59C11C379}.Debug|Any CPU.Build.0 = Debug|Any CPU
		{9C25344C-7A22-4F88-BA11-92D59C11C379}.Release|Any CPU.ActiveCfg = Release|Any CPU
		{9C25344C-7A22-4F88-BA11-92D59C11C379}.Release|Any CPU.Build.0 = Release|Any CPU
	EndGlobalSection
	GlobalSection(SolutionProperties) = preSolution
		HideSolutionNode = FALSE
	EndGlobalSection
	GlobalSection(ExtensibilityGlobals) = postSolution
		SolutionGuid = {1F75F20E-3241-4C94-97E5-A5D63696FC9A}
	EndGlobalSection
EndGlobal
