
Microsoft Visual Studio Solution File, Format Version 12.00
# Visual Studio Version 16
VisualStudioVersion = 16.0.29911.84
MinimumVisualStudioVersion = 10.0.40219.1
Project("{FAE04EC0-301F-11D3-BF4B-00C04F79EFBC}") = "Pintando la Consola", "Pintando la Consola\Pintando la Consola.csproj", "{30DA9092-963B-4F6C-9AFC-EAFF2BB09D3D}"
EndProject
Global
	GlobalSection(SolutionConfigurationPlatforms) = preSolution
		Debug|Any CPU = Debug|Any CPU
		Release|Any CPU = Release|Any CPU
	EndGlobalSection
	GlobalSection(ProjectConfigurationPlatforms) = postSolution
		{30DA9092-963B-4F6C-9AFC-EAFF2BB09D3D}.Debug|Any CPU.ActiveCfg = Debug|Any CPU
		{30DA9092-963B-4F6C-9AFC-EAFF2BB09D3D}.Debug|Any CPU.Build.0 = Debug|Any CPU
		{30DA9092-963B-4F6C-9AFC-EAFF2BB09D3D}.Release|Any CPU.ActiveCfg = Release|Any CPU
		{30DA9092-963B-4F6C-9AFC-EAFF2BB09D3D}.Release|Any CPU.Build.0 = Release|Any CPU
	EndGlobalSection
	GlobalSection(SolutionProperties) = preSolution
		HideSolutionNode = FALSE
	EndGlobalSection
	GlobalSection(ExtensibilityGlobals) = postSolution
		SolutionGuid = {D2BB2A98-B953-4FF3-BA01-30FE73D424F7}
	EndGlobalSection
EndGlobal
