
Microsoft Visual Studio Solution File, Format Version 12.00
# Visual Studio Version 16
VisualStudioVersion = 16.0.29911.84
MinimumVisualStudioVersion = 10.0.40219.1
Project("{FAE04EC0-301F-11D3-BF4B-00C04F79EFBC}") = "Ejercicio con estructuras de control", "Ejercicio con estructuras de control\Ejercicio con estructuras de control.csproj", "{4067AD8F-E092-42D1-9C38-8EBABFE6FAF5}"
EndProject
Global
	GlobalSection(SolutionConfigurationPlatforms) = preSolution
		Debug|Any CPU = Debug|Any CPU
		Release|Any CPU = Release|Any CPU
	EndGlobalSection
	GlobalSection(ProjectConfigurationPlatforms) = postSolution
		{4067AD8F-E092-42D1-9C38-8EBABFE6FAF5}.Debug|Any CPU.ActiveCfg = Debug|Any CPU
		{4067AD8F-E092-42D1-9C38-8EBABFE6FAF5}.Debug|Any CPU.Build.0 = Debug|Any CPU
		{4067AD8F-E092-42D1-9C38-8EBABFE6FAF5}.Release|Any CPU.ActiveCfg = Release|Any CPU
		{4067AD8F-E092-42D1-9C38-8EBABFE6FAF5}.Release|Any CPU.Build.0 = Release|Any CPU
	EndGlobalSection
	GlobalSection(SolutionProperties) = preSolution
		HideSolutionNode = FALSE
	EndGlobalSection
	GlobalSection(ExtensibilityGlobals) = postSolution
		SolutionGuid = {C7C0BE15-E2CD-4762-8190-A5C0F0AF88E3}
	EndGlobalSection
EndGlobal
